{
    "_meta": {
        "hash": {
            "sha256": "205f8ea50d7c1f869072870d2d95fdf9608e144d55ebf2d8ac86bec8e5704141"
        },
        "pipfile-spec": 6,
        "requires": {
            "python_version": "3.14"
        },
        "sources": [
            {
                "name": "pypi",
                "url": "https://pypi.org/simple",
                "verify_ssl": true
            }
        ]
    },
    "default": {
        "pymysql": {
            "hashes": [
                "sha256:14f1c68e2ed859243ae5ca41ffbe677027fc46bc136a9f0be8a4e928e5e7415a",
                "sha256:d5b288529782e536ae171866df3ca9dc4f6cbfb3cc2f18e6f837fbb90dbc262b"
            ],
            "index": "pypi",
            "markers": "python_version >= '3.9'",
            "version": "==1.2.3"
        }
    },
    "develop": {}
}
